
Microsoft Visual Studio Solution File, Format Version 12.00
# Visual Studio Version 16
VisualStudioVersion = 16.0.30114.105
MinimumVisualStudioVersion = 10.0.40219.1
Project("{2150E333-8FDC-42A3-9474-1A3956D46DE8}") = "src", "src", "{56D47D6D-A1FF-4710-B1C0-FE5EAD2FC53D}"
EndProject
Project("{FAE04EC0-301F-11D3-BF4B-00C04F79EFBC}") = "MeuBolsoDigital.Core", "src\MeuBolsoDigital.Core\MeuBolsoDigital.Core.csproj", "{03729F2D-07B3-4F4D-9C3A-FC06CFB03F16}"
EndProject
Project("{FAE04EC0-301F-11D3-BF4B-00C04F79EFBC}") = "MeuBolsoDigital.Core.UnitTests", "src\MeuBolsoDigital.Core.UnitTests\MeuBolsoDigital.Core.UnitTests.csproj", "{3D415589-9744-4A40-9FBE-D988878C76A6}"
EndProject
Global
	GlobalSection(SolutionConfigurationPlatforms) = preSolution
		Debug|Any CPU = Debug|Any CPU
		Release|Any CPU = Release|Any CPU
	EndGlobalSection
	GlobalSection(SolutionProperties) = preSolution
		HideSolutionNode = FALSE
	EndGlobalSection
	GlobalSection(ProjectConfigurationPlatforms) = postSolution
		{03729F2D-07B3-4F4D-9C3A-FC06CFB03F16}.Debug|Any CPU.ActiveCfg = Debug|Any CPU
		{03729F2D-07B3-4F4D-9C3A-FC06CFB03F16}.Debug|Any CPU.Build.0 = Debug|Any CPU
		{03729F2D-07B3-4F4D-9C3A-FC06CFB03F16}.Release|Any CPU.ActiveCfg = Release|Any CPU
		{03729F2D-07B3-4F4D-9C3A-FC06CFB03F16}.Release|Any CPU.Build.0 = Release|Any CPU
		{3D415589-9744-4A40-9FBE-D988878C76A6}.Debug|Any CPU.ActiveCfg = Debug|Any CPU
		{3D415589-9744-4A40-9FBE-D988878C76A6}.Debug|Any CPU.Build.0 = Debug|Any CPU
		{3D415589-9744-4A40-9FBE-D988878C76A6}.Release|Any CPU.ActiveCfg = Release|Any CPU
		{3D415589-9744-4A40-9FBE-D988878C76A6}.Release|Any CPU.Build.0 = Release|Any CPU
	EndGlobalSection
	GlobalSection(NestedProjects) = preSolution
		{03729F2D-07B3-4F4D-9C3A-FC06CFB03F16} = {56D47D6D-A1FF-4710-B1C0-FE5EAD2FC53D}
		{3D415589-9744-4A40-9FBE-D988878C76A6} = {56D47D6D-A1FF-4710-B1C0-FE5EAD2FC53D}
	EndGlobalSection
EndGlobal
